
Microsoft Visual Studio Solution File, Format Version 12.00
# Visual Studio Version 17
VisualStudioVersion = 17.10.35013.160
MinimumVisualStudioVersion = 10.0.40219.1
Project("{2150E333-8FDC-42A3-9474-1A3956D46DE8}") = "Utilities", "Utilities", "{678FB64F-0B8A-4EDA-8B28-E57430EF7C5B}"
EndProject
Project("{9A19103F-16F7-4668-BE54-9A1E7A4F7556}") = "Numbers", "Utilities\Numbers\Numbers.csproj", "{1A8A7DDE-2557-4C46-8B24-E34F22C9EEBB}"
EndProject
Project("{2150E333-8FDC-42A3-9474-1A3956D46DE8}") = "Entrance", "Entrance", "{959B3695-5BB4-4DAF-AF38-4DC668F09821}"
EndProject
Project("{FAE04EC0-301F-11D3-BF4B-00C04F79EFBC}") = "Starter", "Entrance\Starter\Starter.csproj", "{C2990817-9027-4902-BE8A-2C4FDD307239}"
EndProject
Project("{2150E333-8FDC-42A3-9474-1A3956D46DE8}") = "ProjectEuler", "ProjectEuler", "{394B3533-54EF-4A5A-AD66-E78104B50AEA}"
EndProject
Project("{9A19103F-16F7-4668-BE54-9A1E7A4F7556}") = "Euler01_10", "ProjectEuler\Euler01_10\Euler01_10.csproj", "{18211B6E-1CDE-4F0E-B68D-B222A1D5AAA1}"
EndProject
Project("{9A19103F-16F7-4668-BE54-9A1E7A4F7556}") = "Euler11_20", "ProjectEuler\Euler11_20\Euler11_20.csproj", "{B5510D47-CEDE-45AF-AD47-D44CBB889889}"
EndProject
Project("{9A19103F-16F7-4668-BE54-9A1E7A4F7556}") = "Euler21_30", "ProjectEuler\Euler21_30\Euler21_30.csproj", "{26A96374-AFE4-4516-A484-B75C9358AF40}"
EndProject
Project("{9A19103F-16F7-4668-BE54-9A1E7A4F7556}") = "Euler31_40", "ProjectEuler\Euler31_40\Euler31_40.csproj", "{966237D6-D08B-4D27-8ED4-4C1ECA9E5C22}"
EndProject
Project("{9A19103F-16F7-4668-BE54-9A1E7A4F7556}") = "Euler41_50", "ProjectEuler\Euler41_50\Euler41_50.csproj", "{6D113D0B-6FF9-439E-B64A-A90358850B5C}"
EndProject
Project("{9A19103F-16F7-4668-BE54-9A1E7A4F7556}") = "Euler51_60", "ProjectEuler\Euler51_60\Euler51_60.csproj", "{E2C82CD8-8E28-42E1-AE94-66627F455240}"
EndProject
Project("{9A19103F-16F7-4668-BE54-9A1E7A4F7556}") = "Euler61_70", "ProjectEuler\Euler61_70\Euler61_70.csproj", "{3677D2BD-FF47-4AD3-A61B-81A681A29952}"
EndProject
Project("{2150E333-8FDC-42A3-9474-1A3956D46DE8}") = "Data", "Data", "{649E06D8-FD1A-4E99-97D2-B4321A1A7CE2}"
EndProject
Project("{9A19103F-16F7-4668-BE54-9A1E7A4F7556}") = "Paths", "Utilities\Paths\Paths.csproj", "{89964F85-E1EB-464B-A4D3-DBD54230263C}"
EndProject
Project("{2150E333-8FDC-42A3-9474-1A3956D46DE8}") = "DataEuler", "DataEuler", "{E1462451-B5A6-43F9-B0E2-EEEF9BFFB57F}"
	ProjectSection(SolutionItems) = preProject
		Data\DataEuler\p022_names.dat = Data\DataEuler\p022_names.dat
		Data\DataEuler\p042_words.dat = Data\DataEuler\p042_words.dat
		Data\DataEuler\p054_poker.dat = Data\DataEuler\p054_poker.dat
		Data\DataEuler\p059_cipher.dat = Data\DataEuler\p059_cipher.dat
		Data\DataEuler\p067_triangle.dat = Data\DataEuler\p067_triangle.dat
	EndProjectSection
EndProject
Project("{9A19103F-16F7-4668-BE54-9A1E7A4F7556}") = "EulerResource", "ProjectEuler\EulerResource\EulerResource.csproj", "{352A81E7-B797-4FD3-80FD-A2A140542451}"
EndProject
Project("{2150E333-8FDC-42A3-9474-1A3956D46DE8}") = "LeetCode", "LeetCode", "{84081791-359C-43AE-963E-36B5D8528399}"
EndProject
Project("{2150E333-8FDC-42A3-9474-1A3956D46DE8}") = "Assessment", "Assessment", "{91E1EB64-F097-4C69-A46C-23A65D2ECDD2}"
EndProject
Project("{9A19103F-16F7-4668-BE54-9A1E7A4F7556}") = "Leet01_10", "LeetCode\Leet01_10\Leet01_10.csproj", "{9E0AC411-2DAF-4376-A7E3-D4F613D7F5A2}"
EndProject
Project("{9A19103F-16F7-4668-BE54-9A1E7A4F7556}") = "Filtered", "Assessment\Filtered\Filtered.csproj", "{EFCBEEA9-FFF6-4EB7-91DD-1E1F2505AF14}"
EndProject
Project("{9A19103F-16F7-4668-BE54-9A1E7A4F7556}") = "Characters", "Utilities\Characters\Characters.csproj", "{AC5AC35E-4717-4953-BC6B-0940D886CA7B}"
EndProject
Project("{9A19103F-16F7-4668-BE54-9A1E7A4F7556}") = "Leet11_20", "LeetCode\Leet11_20\Leet11_20.csproj", "{0AE05FB6-222C-4E44-8794-BFBF46FBB627}"
EndProject
Project("{9A19103F-16F7-4668-BE54-9A1E7A4F7556}") = "Leet21-30", "LeetCode\Leet21-30\Leet21-30.csproj", "{51B43F8C-7FF5-4CF9-A671-9B654EBDEAAB}"
EndProject
Project("{2150E333-8FDC-42A3-9474-1A3956D46DE8}") = "Practice", "Practice", "{A95B1D14-441E-40D3-AB79-FE0127EA18C2}"
EndProject
Project("{9A19103F-16F7-4668-BE54-9A1E7A4F7556}") = "Mode11", "Practice\Mode11\Mode11.csproj", "{C34DE24B-469E-402A-B3F7-B617D5996DAE}"
EndProject
Global
	GlobalSection(SolutionConfigurationPlatforms) = preSolution
		Debug|Any CPU = Debug|Any CPU
		Release|Any CPU = Release|Any CPU
	EndGlobalSection
	GlobalSection(ProjectConfigurationPlatforms) = postSolution
		{1A8A7DDE-2557-4C46-8B24-E34F22C9EEBB}.Debug|Any CPU.ActiveCfg = Debug|Any CPU
		{1A8A7DDE-2557-4C46-8B24-E34F22C9EEBB}.Debug|Any CPU.Build.0 = Debug|Any CPU
		{1A8A7DDE-2557-4C46-8B24-E34F22C9EEBB}.Release|Any CPU.ActiveCfg = Release|Any CPU
		{1A8A7DDE-2557-4C46-8B24-E34F22C9EEBB}.Release|Any CPU.Build.0 = Release|Any CPU
		{C2990817-9027-4902-BE8A-2C4FDD307239}.Debug|Any CPU.ActiveCfg = Debug|Any CPU
		{C2990817-9027-4902-BE8A-2C4FDD307239}.Debug|Any CPU.Build.0 = Debug|Any CPU
		{C2990817-9027-4902-BE8A-2C4FDD307239}.Release|Any CPU.ActiveCfg = Release|Any CPU
		{C2990817-9027-4902-BE8A-2C4FDD307239}.Release|Any CPU.Build.0 = Release|Any CPU
		{18211B6E-1CDE-4F0E-B68D-B222A1D5AAA1}.Debug|Any CPU.ActiveCfg = Debug|Any CPU
		{18211B6E-1CDE-4F0E-B68D-B222A1D5AAA1}.Debug|Any CPU.Build.0 = Debug|Any CPU
		{18211B6E-1CDE-4F0E-B68D-B222A1D5AAA1}.Release|Any CPU.ActiveCfg = Release|Any CPU
		{18211B6E-1CDE-4F0E-B68D-B222A1D5AAA1}.Release|Any CPU.Build.0 = Release|Any CPU
		{B5510D47-CEDE-45AF-AD47-D44CBB889889}.Debug|Any CPU.ActiveCfg = Debug|Any CPU
		{B5510D47-CEDE-45AF-AD47-D44CBB889889}.Debug|Any CPU.Build.0 = Debug|Any CPU
		{B5510D47-CEDE-45AF-AD47-D44CBB889889}.Release|Any CPU.ActiveCfg = Release|Any CPU
		{B5510D47-CEDE-45AF-AD47-D44CBB889889}.Release|Any CPU.Build.0 = Release|Any CPU
		{26A96374-AFE4-4516-A484-B75C9358AF40}.Debug|Any CPU.ActiveCfg = Debug|Any CPU
		{26A96374-AFE4-4516-A484-B75C9358AF40}.Debug|Any CPU.Build.0 = Debug|Any CPU
		{26A96374-AFE4-4516-A484-B75C9358AF40}.Release|Any CPU.ActiveCfg = Release|Any CPU
		{26A96374-AFE4-4516-A484-B75C9358AF40}.Release|Any CPU.Build.0 = Release|Any CPU
		{966237D6-D08B-4D27-8ED4-4C1ECA9E5C22}.Debug|Any CPU.ActiveCfg = Debug|Any CPU
		{966237D6-D08B-4D27-8ED4-4C1ECA9E5C22}.Debug|Any CPU.Build.0 = Debug|Any CPU
		{966237D6-D08B-4D27-8ED4-4C1ECA9E5C22}.Release|Any CPU.ActiveCfg = Release|Any CPU
		{966237D6-D08B-4D27-8ED4-4C1ECA9E5C22}.Release|Any CPU.Build.0 = Release|Any CPU
		{6D113D0B-6FF9-439E-B64A-A90358850B5C}.Debug|Any CPU.ActiveCfg = Debug|Any CPU
		{6D113D0B-6FF9-439E-B64A-A90358850B5C}.Debug|Any CPU.Build.0 = Debug|Any CPU
		{6D113D0B-6FF9-439E-B64A-A90358850B5C}.Release|Any CPU.ActiveCfg = Release|Any CPU
		{6D113D0B-6FF9-439E-B64A-A90358850B5C}.Release|Any CPU.Build.0 = Release|Any CPU
		{E2C82CD8-8E28-42E1-AE94-66627F455240}.Debug|Any CPU.ActiveCfg = Debug|Any CPU
		{E2C82CD8-8E28-42E1-AE94-66627F455240}.Debug|Any CPU.Build.0 = Debug|Any CPU
		{E2C82CD8-8E28-42E1-AE94-66627F455240}.Release|Any CPU.ActiveCfg = Release|Any CPU
		{E2C82CD8-8E28-42E1-AE94-66627F455240}.Release|Any CPU.Build.0 = Release|Any CPU
		{3677D2BD-FF47-4AD3-A61B-81A681A29952}.Debug|Any CPU.ActiveCfg = Debug|Any CPU
		{3677D2BD-FF47-4AD3-A61B-81A681A29952}.Debug|Any CPU.Build.0 = Debug|Any CPU
		{3677D2BD-FF47-4AD3-A61B-81A681A29952}.Release|Any CPU.ActiveCfg = Release|Any CPU
		{3677D2BD-FF47-4AD3-A61B-81A681A29952}.Release|Any CPU.Build.0 = Release|Any CPU
		{89964F85-E1EB-464B-A4D3-DBD54230263C}.Debug|Any CPU.ActiveCfg = Debug|Any CPU
		{89964F85-E1EB-464B-A4D3-DBD54230263C}.Debug|Any CPU.Build.0 = Debug|Any CPU
		{89964F85-E1EB-464B-A4D3-DBD54230263C}.Release|Any CPU.ActiveCfg = Release|Any CPU
		{89964F85-E1EB-464B-A4D3-DBD54230263C}.Release|Any CPU.Build.0 = Release|Any CPU
		{352A81E7-B797-4FD3-80FD-A2A140542451}.Debug|Any CPU.ActiveCfg = Debug|Any CPU
		{352A81E7-B797-4FD3-80FD-A2A140542451}.Debug|Any CPU.Build.0 = Debug|Any CPU
		{352A81E7-B797-4FD3-80FD-A2A140542451}.Release|Any CPU.ActiveCfg = Release|Any CPU
		{352A81E7-B797-4FD3-80FD-A2A140542451}.Release|Any CPU.Build.0 = Release|Any CPU
		{9E0AC411-2DAF-4376-A7E3-D4F613D7F5A2}.Debug|Any CPU.ActiveCfg = Debug|Any CPU
		{9E0AC411-2DAF-4376-A7E3-D4F613D7F5A2}.Debug|Any CPU.Build.0 = Debug|Any CPU
		{9E0AC411-2DAF-4376-A7E3-D4F613D7F5A2}.Release|Any CPU.ActiveCfg = Release|Any CPU
		{9E0AC411-2DAF-4376-A7E3-D4F613D7F5A2}.Release|Any CPU.Build.0 = Release|Any CPU
		{EFCBEEA9-FFF6-4EB7-91DD-1E1F2505AF14}.Debug|Any CPU.ActiveCfg = Debug|Any CPU
		{EFCBEEA9-FFF6-4EB7-91DD-1E1F2505AF14}.Debug|Any CPU.Build.0 = Debug|Any CPU
		{EFCBEEA9-FFF6-4EB7-91DD-1E1F2505AF14}.Release|Any CPU.ActiveCfg = Release|Any CPU
		{EFCBEEA9-FFF6-4EB7-91DD-1E1F2505AF14}.Release|Any CPU.Build.0 = Release|Any CPU
		{AC5AC35E-4717-4953-BC6B-0940D886CA7B}.Debug|Any CPU.ActiveCfg = Debug|Any CPU
		{AC5AC35E-4717-4953-BC6B-0940D886CA7B}.Debug|Any CPU.Build.0 = Debug|Any CPU
		{AC5AC35E-4717-4953-BC6B-0940D886CA7B}.Release|Any CPU.ActiveCfg = Release|Any CPU
		{AC5AC35E-4717-4953-BC6B-0940D886CA7B}.Release|Any CPU.Build.0 = Release|Any CPU
		{0AE05FB6-222C-4E44-8794-BFBF46FBB627}.Debug|Any CPU.ActiveCfg = Debug|Any CPU
		{0AE05FB6-222C-4E44-8794-BFBF46FBB627}.Debug|Any CPU.Build.0 = Debug|Any CPU
		{0AE05FB6-222C-4E44-8794-BFBF46FBB627}.Release|Any CPU.ActiveCfg = Release|Any CPU
		{0AE05FB6-222C-4E44-8794-BFBF46FBB627}.Release|Any CPU.Build.0 = Release|Any CPU
		{51B43F8C-7FF5-4CF9-A671-9B654EBDEAAB}.Debug|Any CPU.ActiveCfg = Debug|Any CPU
		{51B43F8C-7FF5-4CF9-A671-9B654EBDEAAB}.Debug|Any CPU.Build.0 = Debug|Any CPU
		{51B43F8C-7FF5-4CF9-A671-9B654EBDEAAB}.Release|Any CPU.ActiveCfg = Release|Any CPU
		{51B43F8C-7FF5-4CF9-A671-9B654EBDEAAB}.Release|Any CPU.Build.0 = Release|Any CPU
		{C34DE24B-469E-402A-B3F7-B617D5996DAE}.Debug|Any CPU.ActiveCfg = Debug|Any CPU
		{C34DE24B-469E-402A-B3F7-B617D5996DAE}.Debug|Any CPU.Build.0 = Debug|Any CPU
		{C34DE24B-469E-402A-B3F7-B617D5996DAE}.Release|Any CPU.ActiveCfg = Release|Any CPU
		{C34DE24B-469E-402A-B3F7-B617D5996DAE}.Release|Any CPU.Build.0 = Release|Any CPU
	EndGlobalSection
	GlobalSection(SolutionProperties) = preSolution
		HideSolutionNode = FALSE
	EndGlobalSection
	GlobalSection(NestedProjects) = preSolution
		{1A8A7DDE-2557-4C46-8B24-E34F22C9EEBB} = {678FB64F-0B8A-4EDA-8B28-E57430EF7C5B}
		{C2990817-9027-4902-BE8A-2C4FDD307239} = {959B3695-5BB4-4DAF-AF38-4DC668F09821}
		{18211B6E-1CDE-4F0E-B68D-B222A1D5AAA1} = {394B3533-54EF-4A5A-AD66-E78104B50AEA}
		{B5510D47-CEDE-45AF-AD47-D44CBB889889} = {394B3533-54EF-4A5A-AD66-E78104B50AEA}
		{26A96374-AFE4-4516-A484-B75C9358AF40} = {394B3533-54EF-4A5A-AD66-E78104B50AEA}
		{966237D6-D08B-4D27-8ED4-4C1ECA9E5C22} = {394B3533-54EF-4A5A-AD66-E78104B50AEA}
		{6D113D0B-6FF9-439E-B64A-A90358850B5C} = {394B3533-54EF-4A5A-AD66-E78104B50AEA}
		{E2C82CD8-8E28-42E1-AE94-66627F455240} = {394B3533-54EF-4A5A-AD66-E78104B50AEA}
		{3677D2BD-FF47-4AD3-A61B-81A681A29952} = {394B3533-54EF-4A5A-AD66-E78104B50AEA}
		{89964F85-E1EB-464B-A4D3-DBD54230263C} = {678FB64F-0B8A-4EDA-8B28-E57430EF7C5B}
		{E1462451-B5A6-43F9-B0E2-EEEF9BFFB57F} = {649E06D8-FD1A-4E99-97D2-B4321A1A7CE2}
		{352A81E7-B797-4FD3-80FD-A2A140542451} = {394B3533-54EF-4A5A-AD66-E78104B50AEA}
		{9E0AC411-2DAF-4376-A7E3-D4F613D7F5A2} = {84081791-359C-43AE-963E-36B5D8528399}
		{EFCBEEA9-FFF6-4EB7-91DD-1E1F2505AF14} = {91E1EB64-F097-4C69-A46C-23A65D2ECDD2}
		{AC5AC35E-4717-4953-BC6B-0940D886CA7B} = {678FB64F-0B8A-4EDA-8B28-E57430EF7C5B}
		{0AE05FB6-222C-4E44-8794-BFBF46FBB627} = {84081791-359C-43AE-963E-36B5D8528399}
		{51B43F8C-7FF5-4CF9-A671-9B654EBDEAAB} = {84081791-359C-43AE-963E-36B5D8528399}
		{C34DE24B-469E-402A-B3F7-B617D5996DAE} = {A95B1D14-441E-40D3-AB79-FE0127EA18C2}
	EndGlobalSection
	GlobalSection(ExtensibilityGlobals) = postSolution
		SolutionGuid = {9F733D50-EA60-496D-BD42-6EC72EEBBA55}
	EndGlobalSection
EndGlobal
